
Microsoft Visual Studio Solution File, Format Version 12.00
# Visual Studio 15
VisualStudioVersion = 15.0.27703.2035
MinimumVisualStudioVersion = 10.0.40219.1
Project("{FAE04EC0-301F-11D3-BF4B-00C04F79EFBC}") = "SocketProgramming", "SocketProgramming\SocketProgramming.csproj", "{3E927CD8-6EEE-4F3A-B308-24051B0C6BC3}"
EndProject
Global
	GlobalSection(SolutionConfigurationPlatforms) = preSolution
		Debug|Any CPU = Debug|Any CPU
		Release|Any CPU = Release|Any CPU
	EndGlobalSection
	GlobalSection(ProjectConfigurationPlatforms) = postSolution
		{3E927CD8-6EEE-4F3A-B308-24051B0C6BC3}.Debug|Any CPU.ActiveCfg = Debug|Any CPU
		{3E927CD8-6EEE-4F3A-B308-24051B0C6BC3}.Debug|Any CPU.Build.0 = Debug|Any CPU
		{3E927CD8-6EEE-4F3A-B308-24051B0C6BC3}.Release|Any CPU.ActiveCfg = Release|Any CPU
		{3E927CD8-6EEE-4F3A-B308-24051B0C6BC3}.Release|Any CPU.Build.0 = Release|Any CPU
	EndGlobalSection
	GlobalSection(SolutionProperties) = preSolution
		HideSolutionNode = FALSE
	EndGlobalSection
	GlobalSection(ExtensibilityGlobals) = postSolution
		SolutionGuid = {04639EDD-34E2-42F6-A844-9FB5426D0377}
	EndGlobalSection
EndGlobal
